
Microsoft Visual Studio Solution File, Format Version 12.00
# Visual Studio Version 17
VisualStudioVersion = 17.10.34928.147
MinimumVisualStudioVersion = 10.0.40219.1
Project("{FAE04EC0-301F-11D3-BF4B-00C04F79EFBC}") = "UPDATED PROGRAM", "UPDATED PROGRAM.csproj", "{10280C6A-18DF-4292-9D93-6DD561B46C73}"
EndProject
Global
	GlobalSection(SolutionConfigurationPlatforms) = preSolution
		Debug|Any CPU = Debug|Any CPU
		Release|Any CPU = Release|Any CPU
	EndGlobalSection
	GlobalSection(ProjectConfigurationPlatforms) = postSolution
		{10280C6A-18DF-4292-9D93-6DD561B46C73}.Debug|Any CPU.ActiveCfg = Debug|Any CPU
		{10280C6A-18DF-4292-9D93-6DD561B46C73}.Debug|Any CPU.Build.0 = Debug|Any CPU
		{10280C6A-18DF-4292-9D93-6DD561B46C73}.Release|Any CPU.ActiveCfg = Release|Any CPU
		{10280C6A-18DF-4292-9D93-6DD561B46C73}.Release|Any CPU.Build.0 = Release|Any CPU
	EndGlobalSection
	GlobalSection(SolutionProperties) = preSolution
		HideSolutionNode = FALSE
	EndGlobalSection
	GlobalSection(ExtensibilityGlobals) = postSolution
		SolutionGuid = {A7CBCF8C-56E3-40AF-8FF7-E553396A0C2A}
	EndGlobalSection
EndGlobal
